
Microsoft Visual Studio Solution File, Format Version 12.00
# Visual Studio Version 16
VisualStudioVersion = 16.0.31129.286
MinimumVisualStudioVersion = 10.0.40219.1
Project("{FAE04EC0-301F-11D3-BF4B-00C04F79EFBC}") = "HomeWork6", "HomeWork6.csproj", "{C48E210A-F946-4087-9108-36DAABBBD6FF}"
EndProject
Global
	GlobalSection(SolutionConfigurationPlatforms) = preSolution
		Debug|Any CPU = Debug|Any CPU
		Release|Any CPU = Release|Any CPU
	EndGlobalSection
	GlobalSection(ProjectConfigurationPlatforms) = postSolution
		{C48E210A-F946-4087-9108-36DAABBBD6FF}.Debug|Any CPU.ActiveCfg = Debug|Any CPU
		{C48E210A-F946-4087-9108-36DAABBBD6FF}.Debug|Any CPU.Build.0 = Debug|Any CPU
		{C48E210A-F946-4087-9108-36DAABBBD6FF}.Release|Any CPU.ActiveCfg = Release|Any CPU
		{C48E210A-F946-4087-9108-36DAABBBD6FF}.Release|Any CPU.Build.0 = Release|Any CPU
	EndGlobalSection
	GlobalSection(SolutionProperties) = preSolution
		HideSolutionNode = FALSE
	EndGlobalSection
	GlobalSection(ExtensibilityGlobals) = postSolution
		SolutionGuid = {66D29ED7-F562-4A8C-9CB9-7586D90CA7FD}
	EndGlobalSection
EndGlobal
